{
  "version": 4,
  "terraform_version": "1.4.6",
  "serial": 63,
  "lineage": "971a2884-fc6e-a5ed-1e5f-ea8879b7c162",
  "outputs": {
    "container_name": {
      "value": "challenge-test-container",
      "type": "string"
    },
    "rgname": {
      "value": "challenge-test-rg",
      "type": "string"
    },
    "saname": {
      "value": "challengetestsa",
      "type": "string"
    }
  },
  "resources": [
    {
      "mode": "data",
      "type": "azurerm_client_config",
      "name": "current",
      "provider": "provider[\"registry.terraform.io/hashicorp/azurerm\"]",
      "instances": [
        {
          "schema_version": 0,
          "attributes": {
            "client_id": "04b07795-8ddb-461a-bbee-02f9e1bf7b46",
            "id": "Y2xpZW50Q29uZmlncy9jbGllbnRJZD0wNGIwNzc5NS04ZGRiLTQ2MWEtYmJlZS0wMmY5ZTFiZjdiNDY7b2JqZWN0SWQ9OTBlOWQzZTYtNjk2Yi00Y2M1LWIxMmMtY2IzY2NkM2ZmOTc4O3N1YnNjcmlwdGlvbklkPTYwMmQ1MjEyLTNjYjktNDExOC1iODEwLTA3MTBlMjBkOThhMzt0ZW5hbnRJZD1hNjE4Y2RhNy1kNTkxLTQxZjUtOGZmOS02ZGRlYTdlMzFkYzI=",
            "object_id": "90e9d3e6-696b-4cc5-b12c-cb3ccd3ff978",
            "subscription_id": "602d5212-3cb9-4118-b810-0710e20d98a3",
            "tenant_id": "a618cda7-d591-41f5-8ff9-6ddea7e31dc2",
            "timeouts": null
          },
          "sensitive_attributes": []
        }
      ]
    },
    {
      "mode": "data",
      "type": "http",
      "name": "ip",
      "provider": "provider[\"registry.terraform.io/hashicorp/http\"]",
      "instances": [
        {
          "schema_version": 0,
          "attributes": {
            "body": "201.218.156.26",
            "ca_cert_pem": null,
            "id": "https://ifconfig.me/ip",
            "insecure": null,
            "method": null,
            "request_body": null,
            "request_headers": null,
            "request_timeout_ms": null,
            "response_body": "201.218.156.26",
            "response_headers": {
              "Access-Control-Allow-Origin": "*",
              "Alt-Svc": "h3=\":443\"; ma=2592000,h3-29=\":443\"; ma=2592000",
              "Content-Length": "14",
              "Content-Type": "text/plain; charset=utf-8",
              "Date": "Wed, 17 May 2023 02:59:53 GMT",
              "Server": "istio-envoy",
              "Strict-Transport-Security": "max-age=2592000; includeSubDomains",
              "Via": "1.1 google",
              "X-Envoy-Upstream-Service-Time": "1"
            },
            "retry": null,
            "status_code": 200,
            "url": "https://ifconfig.me/ip"
          },
          "sensitive_attributes": []
        }
      ]
    },
    {
      "mode": "managed",
      "type": "azurerm_resource_group",
      "name": "rg1",
      "provider": "provider[\"registry.terraform.io/hashicorp/azurerm\"]",
      "instances": [
        {
          "schema_version": 0,
          "attributes": {
            "id": "/subscriptions/602d5212-3cb9-4118-b810-0710e20d98a3/resourceGroups/challenge-test-rg",
            "location": "eastus",
            "name": "challenge-test-rg",
            "tags": {
              "Owner": "Antonio_Alvarado"
            },
            "timeouts": null
          },
          "sensitive_attributes": [],
          "private": "eyJlMmJmYjczMC1lY2FhLTExZTYtOGY4OC0zNDM2M2JjN2M0YzAiOnsiY3JlYXRlIjo1NDAwMDAwMDAwMDAwLCJkZWxldGUiOjU0MDAwMDAwMDAwMDAsInJlYWQiOjMwMDAwMDAwMDAwMCwidXBkYXRlIjo1NDAwMDAwMDAwMDAwfX0="
        }
      ]
    },
    {
      "module": "module.kv",
      "mode": "managed",
      "type": "azurerm_key_vault",
      "name": "azkv01",
      "provider": "provider[\"registry.terraform.io/hashicorp/azurerm\"]",
      "instances": [
        {
          "schema_version": 2,
          "attributes": {
            "access_policy": [],
            "contact": [],
            "enable_rbac_authorization": false,
            "enabled_for_deployment": false,
            "enabled_for_disk_encryption": false,
            "enabled_for_template_deployment": false,
            "id": "/subscriptions/602d5212-3cb9-4118-b810-0710e20d98a3/resourceGroups/challenge-test-rg/providers/Microsoft.KeyVault/vaults/challenge-test-kv",
            "location": "eastus",
            "name": "challenge-test-kv",
            "network_acls": [
              {
                "bypass": "AzureServices",
                "default_action": "Deny",
                "ip_rules": [
                  "201.218.156.26/32"
                ],
                "virtual_network_subnet_ids": [
                  "/subscriptions/602d5212-3cb9-4118-b810-0710e20d98a3/resourceGroups/challenge-test-rg/providers/Microsoft.Network/virtualNetworks/challenge-test-vnet/subnets/challenge-test-snet"
                ]
              }
            ],
            "public_network_access_enabled": true,
            "purge_protection_enabled": false,
            "resource_group_name": "challenge-test-rg",
            "sku_name": "standard",
            "soft_delete_retention_days": 90,
            "tags": {},
            "tenant_id": "a618cda7-d591-41f5-8ff9-6ddea7e31dc2",
            "timeouts": null,
            "vault_uri": "https://challenge-test-kv.vault.azure.net/"
          },
          "sensitive_attributes": [],
          "private": "eyJlMmJmYjczMC1lY2FhLTExZTYtOGY4OC0zNDM2M2JjN2M0YzAiOnsiY3JlYXRlIjoxODAwMDAwMDAwMDAwLCJkZWxldGUiOjE4MDAwMDAwMDAwMDAsInJlYWQiOjMwMDAwMDAwMDAwMCwidXBkYXRlIjoxODAwMDAwMDAwMDAwfSwic2NoZW1hX3ZlcnNpb24iOiIyIn0=",
          "dependencies": [
            "azurerm_resource_group.rg1",
            "data.azurerm_client_config.current",
            "data.http.ip",
            "module.vnet.azurerm_subnet.azsnet01",
            "module.vnet.azurerm_virtual_network.azvn01"
          ]
        }
      ]
    },
    {
      "module": "module.sa",
      "mode": "managed",
      "type": "azurerm_storage_account",
      "name": "azsa",
      "provider": "provider[\"registry.terraform.io/hashicorp/azurerm\"]",
      "instances": [
        {
          "schema_version": 3,
          "attributes": {
            "access_tier": "Hot",
            "account_kind": "StorageV2",
            "account_replication_type": "LRS",
            "account_tier": "Standard",
            "allow_nested_items_to_be_public": true,
            "allowed_copy_scope": "",
            "azure_files_authentication": [],
            "blob_properties": [
              {
                "change_feed_enabled": false,
                "change_feed_retention_in_days": 0,
                "container_delete_retention_policy": [],
                "cors_rule": [],
                "default_service_version": "",
                "delete_retention_policy": [],
                "last_access_time_enabled": false,
                "restore_policy": [],
                "versioning_enabled": false
              }
            ],
            "cross_tenant_replication_enabled": true,
            "custom_domain": [],
            "customer_managed_key": [],
            "default_to_oauth_authentication": false,
            "edge_zone": "",
            "enable_https_traffic_only": true,
            "id": "/subscriptions/602d5212-3cb9-4118-b810-0710e20d98a3/resourceGroups/challenge-test-rg/providers/Microsoft.Storage/storageAccounts/challengetestsa",
            "identity": [],
            "immutability_policy": [],
            "infrastructure_encryption_enabled": false,
            "is_hns_enabled": false,
            "large_file_share_enabled": null,
            "location": "eastus",
            "min_tls_version": "TLS1_2",
            "name": "challengetestsa",
            "network_rules": [
              {
                "bypass": [
                  "AzureServices"
                ],
                "default_action": "Allow",
                "ip_rules": [
                  "201.218.156.26"
                ],
                "private_link_access": [],
                "virtual_network_subnet_ids": [
                  "/subscriptions/602d5212-3cb9-4118-b810-0710e20d98a3/resourceGroups/challenge-test-rg/providers/Microsoft.Network/virtualNetworks/challenge-test-vnet/subnets/challenge-test-snet"
                ]
              }
            ],
            "nfsv3_enabled": false,
            "primary_access_key": "BBMFb4EO9SUawjBa3hQJ2Tdn7D93ycD/oTFgyeNAcF/cc1XvTm1jy/JqFoILTG/GKN2keqwpL0mF+AStHggizQ==",
            "primary_blob_connection_string": "DefaultEndpointsProtocol=https;BlobEndpoint=https://challengetestsa.blob.core.windows.net/;AccountName=challengetestsa;AccountKey=BBMFb4EO9SUawjBa3hQJ2Tdn7D93ycD/oTFgyeNAcF/cc1XvTm1jy/JqFoILTG/GKN2keqwpL0mF+AStHggizQ==",
            "primary_blob_endpoint": "https://challengetestsa.blob.core.windows.net/",
            "primary_blob_host": "challengetestsa.blob.core.windows.net",
            "primary_connection_string": "DefaultEndpointsProtocol=https;AccountName=challengetestsa;AccountKey=BBMFb4EO9SUawjBa3hQJ2Tdn7D93ycD/oTFgyeNAcF/cc1XvTm1jy/JqFoILTG/GKN2keqwpL0mF+AStHggizQ==;EndpointSuffix=core.windows.net",
            "primary_dfs_endpoint": "https://challengetestsa.dfs.core.windows.net/",
            "primary_dfs_host": "challengetestsa.dfs.core.windows.net",
            "primary_file_endpoint": "https://challengetestsa.file.core.windows.net/",
            "primary_file_host": "challengetestsa.file.core.windows.net",
            "primary_location": "eastus",
            "primary_queue_endpoint": "https://challengetestsa.queue.core.windows.net/",
            "primary_queue_host": "challengetestsa.queue.core.windows.net",
            "primary_table_endpoint": "https://challengetestsa.table.core.windows.net/",
            "primary_table_host": "challengetestsa.table.core.windows.net",
            "primary_web_endpoint": "https://challengetestsa.z13.web.core.windows.net/",
            "primary_web_host": "challengetestsa.z13.web.core.windows.net",
            "public_network_access_enabled": true,
            "queue_encryption_key_type": "Service",
            "queue_properties": [
              {
                "cors_rule": [],
                "hour_metrics": [
                  {
                    "enabled": true,
                    "include_apis": true,
                    "retention_policy_days": 7,
                    "version": "1.0"
                  }
                ],
                "logging": [
                  {
                    "delete": false,
                    "read": false,
                    "retention_policy_days": 0,
                    "version": "1.0",
                    "write": false
                  }
                ],
                "minute_metrics": [
                  {
                    "enabled": false,
                    "include_apis": false,
                    "retention_policy_days": 0,
                    "version": "1.0"
                  }
                ]
              }
            ],
            "resource_group_name": "challenge-test-rg",
            "routing": [],
            "sas_policy": [],
            "secondary_access_key": "s3vQa/SQjGNUUmp1rRZxtFX18xFTRAAIlJj7oTdssBDE5UtAtwHWzZzDbVE8oJJtuMFJlpr89Tzf+AStcgtaKg==",
            "secondary_blob_connection_string": "",
            "secondary_blob_endpoint": null,
            "secondary_blob_host": null,
            "secondary_connection_string": "DefaultEndpointsProtocol=https;AccountName=challengetestsa;AccountKey=s3vQa/SQjGNUUmp1rRZxtFX18xFTRAAIlJj7oTdssBDE5UtAtwHWzZzDbVE8oJJtuMFJlpr89Tzf+AStcgtaKg==;EndpointSuffix=core.windows.net",
            "secondary_dfs_endpoint": null,
            "secondary_dfs_host": null,
            "secondary_file_endpoint": null,
            "secondary_file_host": null,
            "secondary_location": "",
            "secondary_queue_endpoint": null,
            "secondary_queue_host": null,
            "secondary_table_endpoint": null,
            "secondary_table_host": null,
            "secondary_web_endpoint": null,
            "secondary_web_host": null,
            "sftp_enabled": false,
            "share_properties": [
              {
                "cors_rule": [],
                "retention_policy": [
                  {
                    "days": 7
                  }
                ],
                "smb": []
              }
            ],
            "shared_access_key_enabled": true,
            "static_website": [],
            "table_encryption_key_type": "Service",
            "tags": {
              "Owner": "Antonio_Alvarado"
            },
            "timeouts": null
          },
          "sensitive_attributes": [],
          "private": "eyJlMmJmYjczMC1lY2FhLTExZTYtOGY4OC0zNDM2M2JjN2M0YzAiOnsiY3JlYXRlIjozNjAwMDAwMDAwMDAwLCJkZWxldGUiOjM2MDAwMDAwMDAwMDAsInJlYWQiOjMwMDAwMDAwMDAwMCwidXBkYXRlIjozNjAwMDAwMDAwMDAwfSwic2NoZW1hX3ZlcnNpb24iOiIzIn0=",
          "dependencies": [
            "azurerm_resource_group.rg1"
          ]
        }
      ]
    },
    {
      "module": "module.sa",
      "mode": "managed",
      "type": "azurerm_storage_account_network_rules",
      "name": "sarule",
      "provider": "provider[\"registry.terraform.io/hashicorp/azurerm\"]",
      "instances": [
        {
          "schema_version": 0,
          "attributes": {
            "bypass": [
              "AzureServices"
            ],
            "default_action": "Deny",
            "id": "/subscriptions/602d5212-3cb9-4118-b810-0710e20d98a3/resourceGroups/challenge-test-rg/providers/Microsoft.Storage/storageAccounts/challengetestsa",
            "ip_rules": [
              "201.218.156.26"
            ],
            "private_link_access": [],
            "storage_account_id": "/subscriptions/602d5212-3cb9-4118-b810-0710e20d98a3/resourceGroups/challenge-test-rg/providers/Microsoft.Storage/storageAccounts/challengetestsa",
            "timeouts": null,
            "virtual_network_subnet_ids": [
              "/subscriptions/602d5212-3cb9-4118-b810-0710e20d98a3/resourceGroups/challenge-test-rg/providers/Microsoft.Network/virtualNetworks/challenge-test-vnet/subnets/challenge-test-snet"
            ]
          },
          "sensitive_attributes": [],
          "private": "eyJlMmJmYjczMC1lY2FhLTExZTYtOGY4OC0zNDM2M2JjN2M0YzAiOnsiY3JlYXRlIjozNjAwMDAwMDAwMDAwLCJkZWxldGUiOjM2MDAwMDAwMDAwMDAsInJlYWQiOjMwMDAwMDAwMDAwMCwidXBkYXRlIjozNjAwMDAwMDAwMDAwfX0=",
          "dependencies": [
            "data.http.ip",
            "module.sa.azurerm_storage_account.azsa",
            "module.vnet.azurerm_subnet.azsnet01"
          ]
        }
      ]
    },
    {
      "module": "module.sa",
      "mode": "managed",
      "type": "azurerm_storage_container",
      "name": "azsacontainer",
      "provider": "provider[\"registry.terraform.io/hashicorp/azurerm\"]",
      "instances": [
        {
          "schema_version": 1,
          "attributes": {
            "container_access_type": "private",
            "has_immutability_policy": false,
            "has_legal_hold": false,
            "id": "https://challengetestsa.blob.core.windows.net/challenge-test-container",
            "metadata": {},
            "name": "challenge-test-container",
            "resource_manager_id": "/subscriptions/602d5212-3cb9-4118-b810-0710e20d98a3/resourceGroups/challenge-test-rg/providers/Microsoft.Storage/storageAccounts/challengetestsa/blobServices/default/containers/challenge-test-container",
            "storage_account_name": "challengetestsa",
            "timeouts": null
          },
          "sensitive_attributes": [],
          "private": "eyJlMmJmYjczMC1lY2FhLTExZTYtOGY4OC0zNDM2M2JjN2M0YzAiOnsiY3JlYXRlIjoxODAwMDAwMDAwMDAwLCJkZWxldGUiOjE4MDAwMDAwMDAwMDAsInJlYWQiOjMwMDAwMDAwMDAwMCwidXBkYXRlIjoxODAwMDAwMDAwMDAwfSwic2NoZW1hX3ZlcnNpb24iOiIxIn0=",
          "dependencies": [
            "azurerm_resource_group.rg1",
            "module.sa.azurerm_storage_account.azsa"
          ]
        }
      ]
    },
    {
      "module": "module.vnet",
      "mode": "managed",
      "type": "azurerm_network_security_group",
      "name": "nsg01",
      "provider": "provider[\"registry.terraform.io/hashicorp/azurerm\"]",
      "instances": [
        {
          "schema_version": 0,
          "attributes": {
            "id": "/subscriptions/602d5212-3cb9-4118-b810-0710e20d98a3/resourceGroups/challenge-test-rg/providers/Microsoft.Network/networkSecurityGroups/challenge-test-nsg",
            "location": "eastus",
            "name": "challenge-test-nsg",
            "resource_group_name": "challenge-test-rg",
            "security_rule": [
              {
                "access": "Allow",
                "description": "",
                "destination_address_prefix": "*",
                "destination_address_prefixes": [],
                "destination_application_security_group_ids": [],
                "destination_port_range": "3389",
                "destination_port_ranges": [],
                "direction": "Inbound",
                "name": "RDP",
                "priority": 1000,
                "protocol": "*",
                "source_address_prefix": "*",
                "source_address_prefixes": [],
                "source_application_security_group_ids": [],
                "source_port_range": "*",
                "source_port_ranges": []
              }
            ],
            "tags": {
              "Owner": "Antonio_Alvarado"
            },
            "timeouts": null
          },
          "sensitive_attributes": [],
          "private": "eyJlMmJmYjczMC1lY2FhLTExZTYtOGY4OC0zNDM2M2JjN2M0YzAiOnsiY3JlYXRlIjoxODAwMDAwMDAwMDAwLCJkZWxldGUiOjE4MDAwMDAwMDAwMDAsInJlYWQiOjMwMDAwMDAwMDAwMCwidXBkYXRlIjoxODAwMDAwMDAwMDAwfX0=",
          "dependencies": [
            "azurerm_resource_group.rg1"
          ]
        }
      ]
    },
    {
      "module": "module.vnet",
      "mode": "managed",
      "type": "azurerm_subnet",
      "name": "azsnet01",
      "provider": "provider[\"registry.terraform.io/hashicorp/azurerm\"]",
      "instances": [
        {
          "schema_version": 0,
          "attributes": {
            "address_prefixes": [
              "10.0.1.0/24"
            ],
            "delegation": [],
            "enforce_private_link_endpoint_network_policies": false,
            "enforce_private_link_service_network_policies": false,
            "id": "/subscriptions/602d5212-3cb9-4118-b810-0710e20d98a3/resourceGroups/challenge-test-rg/providers/Microsoft.Network/virtualNetworks/challenge-test-vnet/subnets/challenge-test-snet",
            "name": "challenge-test-snet",
            "private_endpoint_network_policies_enabled": true,
            "private_link_service_network_policies_enabled": true,
            "resource_group_name": "challenge-test-rg",
            "service_endpoint_policy_ids": [],
            "service_endpoints": [
              "Microsoft.KeyVault",
              "Microsoft.Storage"
            ],
            "timeouts": null,
            "virtual_network_name": "challenge-test-vnet"
          },
          "sensitive_attributes": [],
          "private": "eyJlMmJmYjczMC1lY2FhLTExZTYtOGY4OC0zNDM2M2JjN2M0YzAiOnsiY3JlYXRlIjoxODAwMDAwMDAwMDAwLCJkZWxldGUiOjE4MDAwMDAwMDAwMDAsInJlYWQiOjMwMDAwMDAwMDAwMCwidXBkYXRlIjoxODAwMDAwMDAwMDAwfX0=",
          "dependencies": [
            "azurerm_resource_group.rg1",
            "module.vnet.azurerm_virtual_network.azvn01"
          ]
        }
      ]
    },
    {
      "module": "module.vnet",
      "mode": "managed",
      "type": "azurerm_subnet_network_security_group_association",
      "name": "snetassc",
      "provider": "provider[\"registry.terraform.io/hashicorp/azurerm\"]",
      "instances": [
        {
          "schema_version": 0,
          "attributes": {
            "id": "/subscriptions/602d5212-3cb9-4118-b810-0710e20d98a3/resourceGroups/challenge-test-rg/providers/Microsoft.Network/virtualNetworks/challenge-test-vnet/subnets/challenge-test-snet",
            "network_security_group_id": "/subscriptions/602d5212-3cb9-4118-b810-0710e20d98a3/resourceGroups/challenge-test-rg/providers/Microsoft.Network/networkSecurityGroups/challenge-test-nsg",
            "subnet_id": "/subscriptions/602d5212-3cb9-4118-b810-0710e20d98a3/resourceGroups/challenge-test-rg/providers/Microsoft.Network/virtualNetworks/challenge-test-vnet/subnets/challenge-test-snet",
            "timeouts": null
          },
          "sensitive_attributes": [],
          "private": "eyJlMmJmYjczMC1lY2FhLTExZTYtOGY4OC0zNDM2M2JjN2M0YzAiOnsiY3JlYXRlIjoxODAwMDAwMDAwMDAwLCJkZWxldGUiOjE4MDAwMDAwMDAwMDAsInJlYWQiOjMwMDAwMDAwMDAwMCwidXBkYXRlIjoxODAwMDAwMDAwMDAwfX0=",
          "dependencies": [
            "azurerm_resource_group.rg1",
            "module.vnet.azurerm_network_security_group.nsg01",
            "module.vnet.azurerm_subnet.azsnet01",
            "module.vnet.azurerm_virtual_network.azvn01"
          ]
        }
      ]
    },
    {
      "module": "module.vnet",
      "mode": "managed",
      "type": "azurerm_virtual_network",
      "name": "azvn01",
      "provider": "provider[\"registry.terraform.io/hashicorp/azurerm\"]",
      "instances": [
        {
          "schema_version": 0,
          "attributes": {
            "address_space": [
              "10.0.0.0/16"
            ],
            "bgp_community": "",
            "ddos_protection_plan": [],
            "dns_servers": [],
            "edge_zone": "",
            "flow_timeout_in_minutes": 0,
            "guid": "f61b6a22-36b5-4086-9370-87f2492adcd4",
            "id": "/subscriptions/602d5212-3cb9-4118-b810-0710e20d98a3/resourceGroups/challenge-test-rg/providers/Microsoft.Network/virtualNetworks/challenge-test-vnet",
            "location": "eastus",
            "name": "challenge-test-vnet",
            "resource_group_name": "challenge-test-rg",
            "subnet": [
              {
                "address_prefix": "10.0.1.0/24",
                "id": "/subscriptions/602d5212-3cb9-4118-b810-0710e20d98a3/resourceGroups/challenge-test-rg/providers/Microsoft.Network/virtualNetworks/challenge-test-vnet/subnets/challenge-test-snet",
                "name": "challenge-test-snet",
                "security_group": "/subscriptions/602d5212-3cb9-4118-b810-0710e20d98a3/resourceGroups/challenge-test-rg/providers/Microsoft.Network/networkSecurityGroups/challenge-test-nsg"
              }
            ],
            "tags": {
              "Owner": "Antonio_Alvarado"
            },
            "timeouts": null
          },
          "sensitive_attributes": [],
          "private": "eyJlMmJmYjczMC1lY2FhLTExZTYtOGY4OC0zNDM2M2JjN2M0YzAiOnsiY3JlYXRlIjoxODAwMDAwMDAwMDAwLCJkZWxldGUiOjE4MDAwMDAwMDAwMDAsInJlYWQiOjMwMDAwMDAwMDAwMCwidXBkYXRlIjoxODAwMDAwMDAwMDAwfX0=",
          "dependencies": [
            "azurerm_resource_group.rg1"
          ]
        }
      ]
    }
  ],
  "check_results": null
}
